{
  "version": 4,
  "terraform_version": "0.13.5",
  "serial": 32,
  "lineage": "eb805db2-b742-83db-a438-561d42420c60",
  "outputs": {},
  "resources": [
    {
      "module": "module.vpc.module.subnets",
      "mode": "managed",
      "type": "google_compute_subnetwork",
      "name": "subnetwork",
      "provider": "provider[\"registry.terraform.io/hashicorp/google\"]",
      "instances": [
        {
          "index_key": "us-central1/subnet-01",
          "schema_version": 0,
          "attributes": {
            "creation_timestamp": "2022-02-15T15:22:23.880-08:00",
            "description": "",
            "external_ipv6_prefix": "",
            "fingerprint": null,
            "gateway_address": "172.27.32.1",
            "id": "projects/gen3-workspace-1/regions/us-central1/subnetworks/subnet-01",
            "ip_cidr_range": "172.27.32.0/20",
            "ipv6_access_type": "",
            "ipv6_cidr_range": "",
            "log_config": [
              {
                "aggregation_interval": "INTERVAL_10_MIN",
                "filter_expr": "true",
                "flow_sampling": 0.7,
                "metadata": "INCLUDE_ALL_METADATA",
                "metadata_fields": []
              }
            ],
            "name": "subnet-01",
            "network": "https://www.googleapis.com/compute/v1/projects/gen3-workspace-1/global/networks/dev-gen3-workspace-1-vpc",
            "private_ip_google_access": true,
            "private_ipv6_google_access": "DISABLE_GOOGLE_ACCESS",
            "project": "gen3-workspace-1",
            "purpose": "PRIVATE",
            "region": "us-central1",
            "role": "",
            "secondary_ip_range": [
              {
                "ip_cidr_range": "10.139.0.0/16",
                "range_name": "kubernetes-pods"
              },
              {
                "ip_cidr_range": "10.138.128.0/20",
                "range_name": "kubernetes-services"
              }
            ],
            "self_link": "https://www.googleapis.com/compute/v1/projects/gen3-workspace-1/regions/us-central1/subnetworks/subnet-01",
            "stack_type": "IPV4_ONLY",
            "timeouts": null
          }
        }
      ]
    },
    {
      "module": "module.vpc.module.vpc",
      "mode": "managed",
      "type": "google_compute_network",
      "name": "network",
      "provider": "provider[\"registry.terraform.io/hashicorp/google\"]",
      "instances": [
        {
          "schema_version": 0,
          "attributes": {
            "auto_create_subnetworks": false,
            "delete_default_routes_on_create": false,
            "description": "",
            "gateway_ipv4": "",
            "id": "projects/gen3-workspace-1/global/networks/dev-gen3-workspace-1-vpc",
            "mtu": 0,
            "name": "dev-gen3-workspace-1-vpc",
            "project": "gen3-workspace-1",
            "routing_mode": "GLOBAL",
            "self_link": "https://www.googleapis.com/compute/v1/projects/gen3-workspace-1/global/networks/dev-gen3-workspace-1-vpc",
            "timeouts": null
          },
          "private": "eyJlMmJmYjczMC1lY2FhLTExZTYtOGY4OC0zNDM2M2JjN2M0YzAiOnsiY3JlYXRlIjoxMjAwMDAwMDAwMDAwLCJkZWxldGUiOjEyMDAwMDAwMDAwMDAsInVwZGF0ZSI6MTIwMDAwMDAwMDAwMH19"
        }
      ]
    }
  ]
}
